
Microsoft Visual Studio Solution File, Format Version 12.00
# Visual Studio 15
VisualStudioVersion = 15.0.28307.421
MinimumVisualStudioVersion = 10.0.40219.1
Project("{FAE04EC0-301F-11D3-BF4B-00C04F79EFBC}") = "BasicBlogApplication", "BasicBlogApplication\BasicBlogApplication.csproj", "{2F593854-2CB1-4A4A-A322-F63A2A7DCEF4}"
EndProject
Project("{FAE04EC0-301F-11D3-BF4B-00C04F79EFBC}") = "DBLayer", "DBLayer\DBLayer.csproj", "{AE5675F3-0CAF-4164-89FD-2C801188ACD8}"
EndProject
Project("{FAE04EC0-301F-11D3-BF4B-00C04F79EFBC}") = "BusinessLayer", "BusinessLayer\BusinessLayer.csproj", "{C3149A68-1786-4577-BB33-3BBB8CD4618D}"
EndProject
Global
	GlobalSection(SolutionConfigurationPlatforms) = preSolution
		Debug|Any CPU = Debug|Any CPU
		Release|Any CPU = Release|Any CPU
	EndGlobalSection
	GlobalSection(ProjectConfigurationPlatforms) = postSolution
		{2F593854-2CB1-4A4A-A322-F63A2A7DCEF4}.Debug|Any CPU.ActiveCfg = Debug|Any CPU
		{2F593854-2CB1-4A4A-A322-F63A2A7DCEF4}.Debug|Any CPU.Build.0 = Debug|Any CPU
		{2F593854-2CB1-4A4A-A322-F63A2A7DCEF4}.Release|Any CPU.ActiveCfg = Release|Any CPU
		{2F593854-2CB1-4A4A-A322-F63A2A7DCEF4}.Release|Any CPU.Build.0 = Release|Any CPU
		{AE5675F3-0CAF-4164-89FD-2C801188ACD8}.Debug|Any CPU.ActiveCfg = Debug|Any CPU
		{AE5675F3-0CAF-4164-89FD-2C801188ACD8}.Debug|Any CPU.Build.0 = Debug|Any CPU
		{AE5675F3-0CAF-4164-89FD-2C801188ACD8}.Release|Any CPU.ActiveCfg = Release|Any CPU
		{AE5675F3-0CAF-4164-89FD-2C801188ACD8}.Release|Any CPU.Build.0 = Release|Any CPU
		{C3149A68-1786-4577-BB33-3BBB8CD4618D}.Debug|Any CPU.ActiveCfg = Debug|Any CPU
		{C3149A68-1786-4577-BB33-3BBB8CD4618D}.Debug|Any CPU.Build.0 = Debug|Any CPU
		{C3149A68-1786-4577-BB33-3BBB8CD4618D}.Release|Any CPU.ActiveCfg = Release|Any CPU
		{C3149A68-1786-4577-BB33-3BBB8CD4618D}.Release|Any CPU.Build.0 = Release|Any CPU
	EndGlobalSection
	GlobalSection(SolutionProperties) = preSolution
		HideSolutionNode = FALSE
	EndGlobalSection
	GlobalSection(ExtensibilityGlobals) = postSolution
		SolutionGuid = {787B0B66-B539-427E-A203-7DE38D3B04B2}
	EndGlobalSection
EndGlobal
